
Microsoft Visual Studio Solution File, Format Version 12.00
# Visual Studio Version 17
VisualStudioVersion = 17.1.32210.238
MinimumVisualStudioVersion = 10.0.40219.1
Project("{9A19103F-16F7-4668-BE54-9A1E7A4F7556}") = "AccountingHelper", "AccountingHelper\AccountingHelper.csproj", "{77B661B1-21C3-4A65-A20B-C23E651DF171}"
EndProject
Project("{9A19103F-16F7-4668-BE54-9A1E7A4F7556}") = "AccountHelperWpf", "AccountHelperWpf\AccountHelperWpf.csproj", "{865CB189-AF30-48AE-8C96-826FB4BDE807}"
EndProject
Project("{2150E333-8FDC-42A3-9474-1A3956D46DE8}") = "Solution Items", "Solution Items", "{1BC2E3B1-9D11-411E-8098-4A4CBD7BEA7E}"
	ProjectSection(SolutionItems) = preProject
		.editorconfig = .editorconfig
		publish.bat = publish.bat
	EndProjectSection
EndProject
Project("{9A19103F-16F7-4668-BE54-9A1E7A4F7556}") = "TestProject", "TestProject\TestProject.csproj", "{46916884-1BEA-43A2-95EE-97E85257FB41}"
EndProject
Global
	GlobalSection(SolutionConfigurationPlatforms) = preSolution
		Debug|Any CPU = Debug|Any CPU
		Release|Any CPU = Release|Any CPU
	EndGlobalSection
	GlobalSection(ProjectConfigurationPlatforms) = postSolution
		{77B661B1-21C3-4A65-A20B-C23E651DF171}.Debug|Any CPU.ActiveCfg = Debug|Any CPU
		{77B661B1-21C3-4A65-A20B-C23E651DF171}.Debug|Any CPU.Build.0 = Debug|Any CPU
		{77B661B1-21C3-4A65-A20B-C23E651DF171}.Release|Any CPU.ActiveCfg = Release|Any CPU
		{77B661B1-21C3-4A65-A20B-C23E651DF171}.Release|Any CPU.Build.0 = Release|Any CPU
		{865CB189-AF30-48AE-8C96-826FB4BDE807}.Debug|Any CPU.ActiveCfg = Debug|Any CPU
		{865CB189-AF30-48AE-8C96-826FB4BDE807}.Debug|Any CPU.Build.0 = Debug|Any CPU
		{865CB189-AF30-48AE-8C96-826FB4BDE807}.Release|Any CPU.ActiveCfg = Release|Any CPU
		{865CB189-AF30-48AE-8C96-826FB4BDE807}.Release|Any CPU.Build.0 = Release|Any CPU
		{46916884-1BEA-43A2-95EE-97E85257FB41}.Debug|Any CPU.ActiveCfg = Debug|Any CPU
		{46916884-1BEA-43A2-95EE-97E85257FB41}.Debug|Any CPU.Build.0 = Debug|Any CPU
		{46916884-1BEA-43A2-95EE-97E85257FB41}.Release|Any CPU.ActiveCfg = Release|Any CPU
		{46916884-1BEA-43A2-95EE-97E85257FB41}.Release|Any CPU.Build.0 = Release|Any CPU
	EndGlobalSection
	GlobalSection(SolutionProperties) = preSolution
		HideSolutionNode = FALSE
	EndGlobalSection
	GlobalSection(ExtensibilityGlobals) = postSolution
		SolutionGuid = {D0B7C343-9F5F-40EB-9429-E68FF7DC00C0}
	EndGlobalSection
EndGlobal
